
Microsoft Visual Studio Solution File, Format Version 10.00
# Visual Studio 2008
Project("{FAE04EC0-301F-11D3-BF4B-00C04F79EFBC}") = "GazeTrackerClientUI", "GazeTrackerClientUI.csproj", "{F10D0ADB-58CD-43CA-8FDE-AAE2C78554C4}"
EndProject
Project("{FAE04EC0-301F-11D3-BF4B-00C04F79EFBC}") = "GazeTrackerClient", "..\GazeTrackerClient\GazeTrackerClient.csproj", "{BD8916FF-DE52-4932-A71B-5E748AF559F0}"
EndProject
Global
	GlobalSection(SolutionConfigurationPlatforms) = preSolution
		Debug|Any CPU = Debug|Any CPU
		Release|Any CPU = Release|Any CPU
	EndGlobalSection
	GlobalSection(ProjectConfigurationPlatforms) = postSolution
		{F10D0ADB-58CD-43CA-8FDE-AAE2C78554C4}.Debug|Any CPU.ActiveCfg = Debug|Any CPU
		{F10D0ADB-58CD-43CA-8FDE-AAE2C78554C4}.Debug|Any CPU.Build.0 = Debug|Any CPU
		{F10D0ADB-58CD-43CA-8FDE-AAE2C78554C4}.Release|Any CPU.ActiveCfg = Release|Any CPU
		{F10D0ADB-58CD-43CA-8FDE-AAE2C78554C4}.Release|Any CPU.Build.0 = Release|Any CPU
		{BD8916FF-DE52-4932-A71B-5E748AF559F0}.Debug|Any CPU.ActiveCfg = Debug|Any CPU
		{BD8916FF-DE52-4932-A71B-5E748AF559F0}.Debug|Any CPU.Build.0 = Debug|Any CPU
		{BD8916FF-DE52-4932-A71B-5E748AF559F0}.Release|Any CPU.ActiveCfg = Release|Any CPU
		{BD8916FF-DE52-4932-A71B-5E748AF559F0}.Release|Any CPU.Build.0 = Release|Any CPU
	EndGlobalSection
	GlobalSection(SolutionProperties) = preSolution
		HideSolutionNode = FALSE
	EndGlobalSection
EndGlobal
